
Microsoft Visual Studio Solution File, Format Version 12.00
# Visual Studio Version 17
VisualStudioVersion = 17.5.33530.505
MinimumVisualStudioVersion = 10.0.40219.1
Project("{FAE04EC0-301F-11D3-BF4B-00C04F79EFBC}") = "Bit++", "Bit++.csproj", "{FE8CE68D-852A-49D3-8CFC-A750DFCC781A}"
EndProject
Global
	GlobalSection(SolutionConfigurationPlatforms) = preSolution
		Debug|Any CPU = Debug|Any CPU
		Release|Any CPU = Release|Any CPU
	EndGlobalSection
	GlobalSection(ProjectConfigurationPlatforms) = postSolution
		{FE8CE68D-852A-49D3-8CFC-A750DFCC781A}.Debug|Any CPU.ActiveCfg = Debug|Any CPU
		{FE8CE68D-852A-49D3-8CFC-A750DFCC781A}.Debug|Any CPU.Build.0 = Debug|Any CPU
		{FE8CE68D-852A-49D3-8CFC-A750DFCC781A}.Release|Any CPU.ActiveCfg = Release|Any CPU
		{FE8CE68D-852A-49D3-8CFC-A750DFCC781A}.Release|Any CPU.Build.0 = Release|Any CPU
	EndGlobalSection
	GlobalSection(SolutionProperties) = preSolution
		HideSolutionNode = FALSE
	EndGlobalSection
	GlobalSection(ExtensibilityGlobals) = postSolution
		SolutionGuid = {9471329D-29E9-4000-B65B-9D6C84DEFFDF}
	EndGlobalSection
EndGlobal
