
Microsoft Visual Studio Solution File, Format Version 12.00
# Visual Studio Version 17
VisualStudioVersion = 17.5.33530.505
MinimumVisualStudioVersion = 10.0.40219.1
Project("{FAE04EC0-301F-11D3-BF4B-00C04F79EFBC}") = "domino_biling", "domino_biling.csproj", "{14977765-61FC-4D23-BA59-0C7A7611CD9C}"
EndProject
Global
	GlobalSection(SolutionConfigurationPlatforms) = preSolution
		Debug|Any CPU = Debug|Any CPU
		Release|Any CPU = Release|Any CPU
	EndGlobalSection
	GlobalSection(ProjectConfigurationPlatforms) = postSolution
		{14977765-61FC-4D23-BA59-0C7A7611CD9C}.Debug|Any CPU.ActiveCfg = Debug|Any CPU
		{14977765-61FC-4D23-BA59-0C7A7611CD9C}.Debug|Any CPU.Build.0 = Debug|Any CPU
		{14977765-61FC-4D23-BA59-0C7A7611CD9C}.Release|Any CPU.ActiveCfg = Release|Any CPU
		{14977765-61FC-4D23-BA59-0C7A7611CD9C}.Release|Any CPU.Build.0 = Release|Any CPU
	EndGlobalSection
	GlobalSection(SolutionProperties) = preSolution
		HideSolutionNode = FALSE
	EndGlobalSection
	GlobalSection(ExtensibilityGlobals) = postSolution
		SolutionGuid = {596CB4F4-9C2E-44DA-B5F4-F67E84C9166F}
	EndGlobalSection
EndGlobal
